{
  "name": "restapi",
  "version": "1.0.0",
  "lockfileVersion": 1,
  "requires": true,
  "dependencies": {
    "expressjs": {
      "version": "1.0.1",
      "resolved": "https://registry.npmjs.org/expressjs/-/expressjs-1.0.1.tgz",
      "integrity": "sha1-IgMoRpoY31rWFeK3oM6ZXxf7ru8="
    },
    "time-stamp": {
      "version": "2.2.0",
      "resolved": "https://registry.npmjs.org/time-stamp/-/time-stamp-2.2.0.tgz",
      "integrity": "sha512-zxke8goJQpBeEgD82CXABeMh0LSJcj7CXEd0OHOg45HgcofF7pxNwZm9+RknpxpDhwN4gFpySkApKfFYfRQnUA=="
    }
  }
}
